{
  "nodes": {
    "clj-nix": {
      "inputs": {
        "devshell": "devshell",
        "flake-utils": "flake-utils",
        "nixpkgs": [
          "helpers",
          "nixpkgs"
        ]
      },
      "locked": {
        "lastModified": 1677342613,
        "narHash": "sha256-BqhKj7jQahSVThEwLHt164kJHGx9LXzBARFZaFNLPW8=",
        "owner": "jlesquembre",
        "repo": "clj-nix",
        "rev": "7d9e244ea96988524ba3bd6c2bbafdf0a5340b96",
        "type": "github"
      },
      "original": {
        "owner": "jlesquembre",
        "repo": "clj-nix",
        "type": "github"
      }
    },
    "clj-nix_2": {
      "inputs": {
        "devshell": "devshell_2",
        "flake-utils": "flake-utils_2",
        "nixpkgs": [
          "notifierClj",
          "helpers",
          "nixpkgs"
        ]
      },
      "locked": {
        "lastModified": 1677342613,
        "narHash": "sha256-BqhKj7jQahSVThEwLHt164kJHGx9LXzBARFZaFNLPW8=",
        "owner": "jlesquembre",
        "repo": "clj-nix",
        "rev": "7d9e244ea96988524ba3bd6c2bbafdf0a5340b96",
        "type": "github"
      },
      "original": {
        "owner": "jlesquembre",
        "repo": "clj-nix",
        "type": "github"
      }
    },
    "clj2nix": {
      "inputs": {
        "flake-compat": "flake-compat",
        "nixpkgs": "nixpkgs",
        "utils": "utils"
      },
      "locked": {
        "lastModified": 1673786922,
        "narHash": "sha256-MrwSNEXpq20/AvMxW49MRbuqf8C2M4Vei3jtZeXYjJk=",
        "owner": "hlolli",
        "repo": "clj2nix",
        "rev": "04b0dfbfc69c6316b8613d061e3fe4619d79cd9f",
        "type": "github"
      },
      "original": {
        "owner": "hlolli",
        "repo": "clj2nix",
        "type": "github"
      }
    },
    "clj2nix_2": {
      "inputs": {
        "flake-compat": "flake-compat_2",
        "nixpkgs": "nixpkgs_3",
        "utils": "utils_3"
      },
      "locked": {
        "lastModified": 1673786922,
        "narHash": "sha256-MrwSNEXpq20/AvMxW49MRbuqf8C2M4Vei3jtZeXYjJk=",
        "owner": "hlolli",
        "repo": "clj2nix",
        "rev": "04b0dfbfc69c6316b8613d061e3fe4619d79cd9f",
        "type": "github"
      },
      "original": {
        "owner": "hlolli",
        "repo": "clj2nix",
        "type": "github"
      }
    },
    "devshell": {
      "inputs": {
        "flake-utils": [
          "helpers",
          "clj-nix",
          "flake-utils"
        ],
        "nixpkgs": [
          "helpers",
          "clj-nix",
          "nixpkgs"
        ]
      },
      "locked": {
        "lastModified": 1658746384,
        "narHash": "sha256-CCJcoMOcXyZFrV1ag4XMTpAPjLWb4Anbv+ktXFI1ry0=",
        "owner": "numtide",
        "repo": "devshell",
        "rev": "0ffc7937bb5e8141af03d462b468bd071eb18e1b",
        "type": "github"
      },
      "original": {
        "owner": "numtide",
        "repo": "devshell",
        "type": "github"
      }
    },
    "devshell_2": {
      "inputs": {
        "flake-utils": [
          "notifierClj",
          "helpers",
          "clj-nix",
          "flake-utils"
        ],
        "nixpkgs": [
          "notifierClj",
          "helpers",
          "clj-nix",
          "nixpkgs"
        ]
      },
      "locked": {
        "lastModified": 1658746384,
        "narHash": "sha256-CCJcoMOcXyZFrV1ag4XMTpAPjLWb4Anbv+ktXFI1ry0=",
        "owner": "numtide",
        "repo": "devshell",
        "rev": "0ffc7937bb5e8141af03d462b468bd071eb18e1b",
        "type": "github"
      },
      "original": {
        "owner": "numtide",
        "repo": "devshell",
        "type": "github"
      }
    },
    "flake-compat": {
      "flake": false,
      "locked": {
        "lastModified": 1668681692,
        "narHash": "sha256-Ht91NGdewz8IQLtWZ9LCeNXMSXHUss+9COoqu6JLmXU=",
        "owner": "edolstra",
        "repo": "flake-compat",
        "rev": "009399224d5e398d03b22badca40a37ac85412a1",
        "type": "github"
      },
      "original": {
        "owner": "edolstra",
        "repo": "flake-compat",
        "type": "github"
      }
    },
    "flake-compat_2": {
      "flake": false,
      "locked": {
        "lastModified": 1668681692,
        "narHash": "sha256-Ht91NGdewz8IQLtWZ9LCeNXMSXHUss+9COoqu6JLmXU=",
        "owner": "edolstra",
        "repo": "flake-compat",
        "rev": "009399224d5e398d03b22badca40a37ac85412a1",
        "type": "github"
      },
      "original": {
        "owner": "edolstra",
        "repo": "flake-compat",
        "type": "github"
      }
    },
    "flake-utils": {
      "locked": {
        "lastModified": 1656928814,
        "narHash": "sha256-RIFfgBuKz6Hp89yRr7+NR5tzIAbn52h8vT6vXkYjZoM=",
        "owner": "numtide",
        "repo": "flake-utils",
        "rev": "7e2a3b3dfd9af950a856d66b0a7d01e3c18aa249",
        "type": "github"
      },
      "original": {
        "owner": "numtide",
        "repo": "flake-utils",
        "type": "github"
      }
    },
    "flake-utils_2": {
      "locked": {
        "lastModified": 1656928814,
        "narHash": "sha256-RIFfgBuKz6Hp89yRr7+NR5tzIAbn52h8vT6vXkYjZoM=",
        "owner": "numtide",
        "repo": "flake-utils",
        "rev": "7e2a3b3dfd9af950a856d66b0a7d01e3c18aa249",
        "type": "github"
      },
      "original": {
        "owner": "numtide",
        "repo": "flake-utils",
        "type": "github"
      }
    },
    "helpers": {
      "inputs": {
        "clj-nix": "clj-nix",
        "clj2nix": "clj2nix",
        "nixpkgs": [
          "nixpkgs"
        ],
        "utils": "utils_2"
      },
      "locked": {
        "lastModified": 1684301091,
        "narHash": "sha256-l7z38fBOw15opTXR55Z5KgAOtvuXO60WGrVi0LByBPM=",
        "ref": "with-deps",
        "rev": "eedb4481a622dce09bda79f426d430412fc55f57",
        "revCount": 67,
        "type": "git",
        "url": "https://git.fudo.org/fudo-public/nix-helpers.git"
      },
      "original": {
        "ref": "with-deps",
        "type": "git",
        "url": "https://git.fudo.org/fudo-public/nix-helpers.git"
      }
    },
    "helpers_2": {
      "inputs": {
        "clj-nix": "clj-nix_2",
        "clj2nix": "clj2nix_2",
        "nixpkgs": [
          "notifierClj",
          "nixpkgs"
        ],
        "utils": "utils_4"
      },
      "locked": {
        "lastModified": 1684274921,
        "narHash": "sha256-RH12Qx4u5LMomcBZaTBii1EhlHQ3TUgaKUcn+cqiClA=",
        "ref": "with-deps",
        "rev": "056710d1ef79ee9fabcd6808d3179779f65f45fd",
        "revCount": 55,
        "type": "git",
        "url": "https://git.fudo.org/fudo-public/nix-helpers.git"
      },
      "original": {
        "ref": "with-deps",
        "type": "git",
        "url": "https://git.fudo.org/fudo-public/nix-helpers.git"
      }
    },
    "nixpkgs": {
      "locked": {
        "lastModified": 1673785507,
        "narHash": "sha256-EPUT8yVdvJhhjhbgnFWXXd4IUPKSOmww2+z4AmOdyPI=",
        "owner": "NixOS",
        "repo": "nixpkgs",
        "rev": "d06d765eeac716d8f1ca80f0935fd6fc951816ad",
        "type": "github"
      },
      "original": {
        "owner": "NixOS",
        "repo": "nixpkgs",
        "type": "github"
      }
    },
    "nixpkgs_2": {
      "locked": {
        "lastModified": 1684171562,
        "narHash": "sha256-BMUWjVWAUdyMWKk0ATMC9H0Bv4qAV/TXwwPUvTiC5IQ=",
        "owner": "NixOS",
        "repo": "nixpkgs",
        "rev": "55af203d468a6f5032a519cba4f41acf5a74b638",
        "type": "github"
      },
      "original": {
        "id": "nixpkgs",
        "ref": "nixos-22.11",
        "type": "indirect"
      }
    },
    "nixpkgs_3": {
      "locked": {
        "lastModified": 1673785507,
        "narHash": "sha256-EPUT8yVdvJhhjhbgnFWXXd4IUPKSOmww2+z4AmOdyPI=",
        "owner": "NixOS",
        "repo": "nixpkgs",
        "rev": "d06d765eeac716d8f1ca80f0935fd6fc951816ad",
        "type": "github"
      },
      "original": {
        "owner": "NixOS",
        "repo": "nixpkgs",
        "type": "github"
      }
    },
    "notifierClj": {
      "inputs": {
        "helpers": "helpers_2",
        "nixpkgs": [
          "nixpkgs"
        ],
        "utils": "utils_5"
      },
      "locked": {
        "lastModified": 1684275076,
        "narHash": "sha256-8+1ZkJo/k/7j5uJF7PN8IOv5Z9niuO1cw1m4zyvrv9Y=",
        "ref": "refs/heads/master",
        "rev": "8b1327f66a31873dc0cac3d6eb2fa5c957723757",
        "revCount": 6,
        "type": "git",
        "url": "https://git.fudo.org/fudo-public/notifier.git"
      },
      "original": {
        "type": "git",
        "url": "https://git.fudo.org/fudo-public/notifier.git"
      }
    },
    "root": {
      "inputs": {
        "helpers": "helpers",
        "nixpkgs": "nixpkgs_2",
        "notifierClj": "notifierClj",
        "utils": "utils_6"
      }
    },
    "systems": {
      "locked": {
        "lastModified": 1681028828,
        "narHash": "sha256-Vy1rq5AaRuLzOxct8nz4T6wlgyUR7zLU309k9mBC768=",
        "owner": "nix-systems",
        "repo": "default",
        "rev": "da67096a3b9bf56a91d16901293e51ba5b49a27e",
        "type": "github"
      },
      "original": {
        "owner": "nix-systems",
        "repo": "default",
        "type": "github"
      }
    },
    "systems_2": {
      "locked": {
        "lastModified": 1681028828,
        "narHash": "sha256-Vy1rq5AaRuLzOxct8nz4T6wlgyUR7zLU309k9mBC768=",
        "owner": "nix-systems",
        "repo": "default",
        "rev": "da67096a3b9bf56a91d16901293e51ba5b49a27e",
        "type": "github"
      },
      "original": {
        "owner": "nix-systems",
        "repo": "default",
        "type": "github"
      }
    },
    "utils": {
      "locked": {
        "lastModified": 1667395993,
        "narHash": "sha256-nuEHfE/LcWyuSWnS8t12N1wc105Qtau+/OdUAjtQ0rA=",
        "owner": "numtide",
        "repo": "flake-utils",
        "rev": "5aed5285a952e0b949eb3ba02c12fa4fcfef535f",
        "type": "github"
      },
      "original": {
        "owner": "numtide",
        "repo": "flake-utils",
        "type": "github"
      }
    },
    "utils_2": {
      "locked": {
        "lastModified": 1676283394,
        "narHash": "sha256-XX2f9c3iySLCw54rJ/CZs+ZK6IQy7GXNY4nSOyu2QG4=",
        "owner": "numtide",
        "repo": "flake-utils",
        "rev": "3db36a8b464d0c4532ba1c7dda728f4576d6d073",
        "type": "github"
      },
      "original": {
        "owner": "numtide",
        "repo": "flake-utils",
        "type": "github"
      }
    },
    "utils_3": {
      "locked": {
        "lastModified": 1667395993,
        "narHash": "sha256-nuEHfE/LcWyuSWnS8t12N1wc105Qtau+/OdUAjtQ0rA=",
        "owner": "numtide",
        "repo": "flake-utils",
        "rev": "5aed5285a952e0b949eb3ba02c12fa4fcfef535f",
        "type": "github"
      },
      "original": {
        "owner": "numtide",
        "repo": "flake-utils",
        "type": "github"
      }
    },
    "utils_4": {
      "locked": {
        "lastModified": 1676283394,
        "narHash": "sha256-XX2f9c3iySLCw54rJ/CZs+ZK6IQy7GXNY4nSOyu2QG4=",
        "owner": "numtide",
        "repo": "flake-utils",
        "rev": "3db36a8b464d0c4532ba1c7dda728f4576d6d073",
        "type": "github"
      },
      "original": {
        "owner": "numtide",
        "repo": "flake-utils",
        "type": "github"
      }
    },
    "utils_5": {
      "inputs": {
        "systems": "systems"
      },
      "locked": {
        "lastModified": 1681202837,
        "narHash": "sha256-H+Rh19JDwRtpVPAWp64F+rlEtxUWBAQW28eAi3SRSzg=",
        "owner": "numtide",
        "repo": "flake-utils",
        "rev": "cfacdce06f30d2b68473a46042957675eebb3401",
        "type": "github"
      },
      "original": {
        "owner": "numtide",
        "repo": "flake-utils",
        "type": "github"
      }
    },
    "utils_6": {
      "inputs": {
        "systems": "systems_2"
      },
      "locked": {
        "lastModified": 1681202837,
        "narHash": "sha256-H+Rh19JDwRtpVPAWp64F+rlEtxUWBAQW28eAi3SRSzg=",
        "owner": "numtide",
        "repo": "flake-utils",
        "rev": "cfacdce06f30d2b68473a46042957675eebb3401",
        "type": "github"
      },
      "original": {
        "owner": "numtide",
        "repo": "flake-utils",
        "type": "github"
      }
    }
  },
  "root": "root",
  "version": 7
}
